
Microsoft Visual Studio Solution File, Format Version 12.00
# Visual Studio 15
VisualStudioVersion = 15.0.26730.15
MinimumVisualStudioVersion = 10.0.40219.1
Project("{FAE04EC0-301F-11D3-BF4B-00C04F79EFBC}") = "Algorithm Implementations", "Algorithm Implementations\Algorithm Implementations.csproj", "{1D5D519F-292D-49C6-B449-286C5BF8B6F0}"
EndProject
Global
	GlobalSection(SolutionConfigurationPlatforms) = preSolution
		Debug|Any CPU = Debug|Any CPU
		Release|Any CPU = Release|Any CPU
	EndGlobalSection
	GlobalSection(ProjectConfigurationPlatforms) = postSolution
		{1D5D519F-292D-49C6-B449-286C5BF8B6F0}.Debug|Any CPU.ActiveCfg = Debug|Any CPU
		{1D5D519F-292D-49C6-B449-286C5BF8B6F0}.Debug|Any CPU.Build.0 = Debug|Any CPU
		{1D5D519F-292D-49C6-B449-286C5BF8B6F0}.Release|Any CPU.ActiveCfg = Release|Any CPU
		{1D5D519F-292D-49C6-B449-286C5BF8B6F0}.Release|Any CPU.Build.0 = Release|Any CPU
	EndGlobalSection
	GlobalSection(SolutionProperties) = preSolution
		HideSolutionNode = FALSE
	EndGlobalSection
	GlobalSection(ExtensibilityGlobals) = postSolution
		SolutionGuid = {018E5188-673F-4628-AFF2-736B92241007}
	EndGlobalSection
EndGlobal
